// !$*UTF8*$!
{
	archiveVersion = 1;
	classes = {
	};
	objectVersion = 46;
	objects = {

/* Begin PBXBuildFile section */
		CD522C7F1D1992F1009BD435 /* main.m in Sources */ = {isa = PBXBuildFile; fileRef = CD522C7E1D1992F1009BD435 /* main.m */; };
		CD522C821D1992F1009BD435 /* AppDelegate.m in Sources */ = {isa = PBXBuildFile; fileRef = CD522C811D1992F1009BD435 /* AppDelegate.m */; };
		CD522C851D1992F1009BD435 /* ViewController.m in Sources */ = {isa = PBXBuildFile; fileRef = CD522C841D1992F1009BD435 /* ViewController.m */; };
		CD522C881D1992F1009BD435 /* Main.storyboard in Resources */ = {isa = PBXBuildFile; fileRef = CD522C861D1992F1009BD435 /* Main.storyboard */; };
		CD522C8A1D1992F1009BD435 /* Assets.xcassets in Resources */ = {isa = PBXBuildFile; fileRef = CD522C891D1992F1009BD435 /* Assets.xcassets */; };
		CD522C8D1D1992F1009BD435 /* LaunchScreen.storyboard in Resources */ = {isa = PBXBuildFile; fileRef = CD522C8B1D1992F1009BD435 /* LaunchScreen.storyboard */; };
		CD522C951D1995A5009BD435 /* Spaceship.png in Resources */ = {isa = PBXBuildFile; fileRef = CD522C941D1995A5009BD435 /* Spaceship.png */; };
		CD522C971D1995C9009BD435 /* Cone.png in Resources */ = {isa = PBXBuildFile; fileRef = CD522C961D1995C9009BD435 /* Cone.png */; };
		CD522C991D1995CD009BD435 /* Igloo.png in Resources */ = {isa = PBXBuildFile; fileRef = CD522C981D1995CD009BD435 /* Igloo.png */; };
		CD522C9D1D1995FA009BD435 /* Key.png in Resources */ = {isa = PBXBuildFile; fileRef = CD522C9C1D1995FA009BD435 /* Key.png */; };
		CD522C9F1D1995FE009BD435 /* Anchor.png in Resources */ = {isa = PBXBuildFile; fileRef = CD522C9E1D1995FE009BD435 /* Anchor.png */; };
		CD522CA11D199617009BD435 /* Snowman.png in Resources */ = {isa = PBXBuildFile; fileRef = CD522CA01D199617009BD435 /* Snowman.png */; };
/* End PBXBuildFile section */

/* Begin PBXFileReference section */
		CD522C7A1D1992F1009BD435 /* ZJCoreAnimation.app */ = {isa = PBXFileReference; explicitFileType = wrapper.application; includeInIndex = 0; path = ZJCoreAnimation.app; sourceTree = BUILT_PRODUCTS_DIR; };
		CD522C7E1D1992F1009BD435 /* main.m */ = {isa = PBXFileReference; lastKnownFileType = sourcecode.c.objc; path = main.m; sourceTree = "<group>"; };
		CD522C801D1992F1009BD435 /* AppDelegate.h */ = {isa = PBXFileReference; lastKnownFileType = sourcecode.c.h; path = AppDelegate.h; sourceTree = "<group>"; };
		CD522C811D1992F1009BD435 /* AppDelegate.m */ = {isa = PBXFileReference; lastKnownFileType = sourcecode.c.objc; path = AppDelegate.m; sourceTree = "<group>"; };
		CD522C831D1992F1009BD435 /* ViewController.h */ = {isa = PBXFileReference; lastKnownFileType = sourcecode.c.h; path = ViewController.h; sourceTree = "<group>"; };
		CD522C841D1992F1009BD435 /* ViewController.m */ = {isa = PBXFileReference; lastKnownFileType = sourcecode.c.objc; path = ViewController.m; sourceTree = "<group>"; };
		CD522C871D1992F1009BD435 /* Base */ = {isa = PBXFileReference; lastKnownFileType = file.storyboard; name = Base; path = Base.lproj/Main.storyboard; sourceTree = "<group>"; };
		CD522C891D1992F1009BD435 /* Assets.xcassets */ = {isa = PBXFileReference; lastKnownFileType = folder.assetcatalog; path = Assets.xcassets; sourceTree = "<group>"; };
		CD522C8C1D1992F1009BD435 /* Base */ = {isa = PBXFileReference; lastKnownFileType = file.storyboard; name = Base; path = Base.lproj/LaunchScreen.storyboard; sourceTree = "<group>"; };
		CD522C8E1D1992F1009BD435 /* Info.plist */ = {isa = PBXFileReference; lastKnownFileType = text.plist.xml; path = Info.plist; sourceTree = "<group>"; };
		CD522C941D1995A5009BD435 /* Spaceship.png */ = {isa = PBXFileReference; lastKnownFileType = image.png; path = Spaceship.png; sourceTree = "<group>"; };
		CD522C961D1995C9009BD435 /* Cone.png */ = {isa = PBXFileReference; lastKnownFileType = image.png; path = Cone.png; sourceTree = "<group>"; };
		CD522C981D1995CD009BD435 /* Igloo.png */ = {isa = PBXFileReference; lastKnownFileType = image.png; path = Igloo.png; sourceTree = "<group>"; };
		CD522C9C1D1995FA009BD435 /* Key.png */ = {isa = PBXFileReference; lastKnownFileType = image.png; path = Key.png; sourceTree = "<group>"; };
		CD522C9E1D1995FE009BD435 /* Anchor.png */ = {isa = PBXFileReference; lastKnownFileType = image.png; path = Anchor.png; sourceTree = "<group>"; };
		CD522CA01D199617009BD435 /* Snowman.png */ = {isa = PBXFileReference; lastKnownFileType = image.png; path = Snowman.png; sourceTree = "<group>"; };
/* End PBXFileReference section */

/* Begin PBXFrameworksBuildPhase section */
		CD522C771D1992F1009BD435 /* Frameworks */ = {
			isa = PBXFrameworksBuildPhase;
			buildActionMask = 2147483647;
			files = (
			);
			runOnlyForDeploymentPostprocessing = 0;
		};
/* End PBXFrameworksBuildPhase section */

/* Begin PBXGroup section */
		CD522C711D1992F1009BD435 = {
			isa = PBXGroup;
			children = (
				CD522C7C1D1992F1009BD435 /* ZJCoreAnimation */,
				CD522C7B1D1992F1009BD435 /* Products */,
			);
			sourceTree = "<group>";
		};
		CD522C7B1D1992F1009BD435 /* Products */ = {
			isa = PBXGroup;
			children = (
				CD522C7A1D1992F1009BD435 /* ZJCoreAnimation.app */,
			);
			name = Products;
			sourceTree = "<group>";
		};
		CD522C7C1D1992F1009BD435 /* ZJCoreAnimation */ = {
			isa = PBXGroup;
			children = (
				CD522CA01D199617009BD435 /* Snowman.png */,
				CD522C9E1D1995FE009BD435 /* Anchor.png */,
				CD522C9C1D1995FA009BD435 /* Key.png */,
				CD522C981D1995CD009BD435 /* Igloo.png */,
				CD522C961D1995C9009BD435 /* Cone.png */,
				CD522C941D1995A5009BD435 /* Spaceship.png */,
				CD522C801D1992F1009BD435 /* AppDelegate.h */,
				CD522C811D1992F1009BD435 /* AppDelegate.m */,
				CD522C831D1992F1009BD435 /* ViewController.h */,
				CD522C841D1992F1009BD435 /* ViewController.m */,
				CD522C861D1992F1009BD435 /* Main.storyboard */,
				CD522C891D1992F1009BD435 /* Assets.xcassets */,
				CD522C8B1D1992F1009BD435 /* LaunchScreen.storyboard */,
				CD522C8E1D1992F1009BD435 /* Info.plist */,
				CD522C7D1D1992F1009BD435 /* Supporting Files */,
			);
			path = ZJCoreAnimation;
			sourceTree = "<group>";
		};
		CD522C7D1D1992F1009BD435 /* Supporting Files */ = {
			isa = PBXGroup;
			children = (
				CD522C7E1D1992F1009BD435 /* main.m */,
			);
			name = "Supporting Files";
			sourceTree = "<group>";
		};
/* End PBXGroup section */

/* Begin PBXNativeTarget section */
		CD522C791D1992F1009BD435 /* ZJCoreAnimation */ = {
			isa = PBXNativeTarget;
			buildConfigurationList = CD522C911D1992F1009BD435 /* Build configuration list for PBXNativeTarget "ZJCoreAnimation" */;
			buildPhases = (
				CD522C761D1992F1009BD435 /* Sources */,
				CD522C771D1992F1009BD435 /* Frameworks */,
				CD522C781D1992F1009BD435 /* Resources */,
			);
			buildRules = (
			);
			dependencies = (
			);
			name = ZJCoreAnimation;
			productName = ZJCoreAnimation;
			productReference = CD522C7A1D1992F1009BD435 /* ZJCoreAnimation.app */;
			productType = "com.apple.product-type.application";
		};
/* End PBXNativeTarget section */

/* Begin PBXProject section */
		CD522C721D1992F1009BD435 /* Project object */ = {
			isa = PBXProject;
			attributes = {
				LastUpgradeCheck = 0720;
				ORGANIZATIONNAME = "余志杰";
				TargetAttributes = {
					CD522C791D1992F1009BD435 = {
						CreatedOnToolsVersion = 7.2.1;
						DevelopmentTeam = Z2KB37YE54;
					};
				};
			};
			buildConfigurationList = CD522C751D1992F1009BD435 /* Build configuration list for PBXProject "ZJCoreAnimation" */;
			compatibilityVersion = "Xcode 3.2";
			developmentRegion = English;
			hasScannedForEncodings = 0;
			knownRegions = (
				en,
				Base,
			);
			mainGroup = CD522C711D1992F1009BD435;
			productRefGroup = CD522C7B1D1992F1009BD435 /* Products */;
			projectDirPath = "";
			projectRoot = "";
			targets = (
				CD522C791D1992F1009BD435 /* ZJCoreAnimation */,
			);
		};
/* End PBXProject section */

/* Begin PBXResourcesBuildPhase section */
		CD522C781D1992F1009BD435 /* Resources */ = {
			isa = PBXResourcesBuildPhase;
			buildActionMask = 2147483647;
			files = (
				CD522C9D1D1995FA009BD435 /* Key.png in Resources */,
				CD522C991D1995CD009BD435 /* Igloo.png in Resources */,
				CD522C8D1D1992F1009BD435 /* LaunchScreen.storyboard in Resources */,
				CD522C971D1995C9009BD435 /* Cone.png in Resources */,
				CD522C951D1995A5009BD435 /* Spaceship.png in Resources */,
				CD522C8A1D1992F1009BD435 /* Assets.xcassets in Resources */,
				CD522CA11D199617009BD435 /* Snowman.png in Resources */,
				CD522C9F1D1995FE009BD435 /* Anchor.png in Resources */,
				CD522C881D1992F1009BD435 /* Main.storyboard in Resources */,
			);
			runOnlyForDeploymentPostprocessing = 0;
		};
/* End PBXResourcesBuildPhase section */

/* Begin PBXSourcesBuildPhase section */
		CD522C761D1992F1009BD435 /* Sources */ = {
			isa = PBXSourcesBuildPhase;
			buildActionMask = 2147483647;
			files = (
				CD522C851D1992F1009BD435 /* ViewController.m in Sources */,
				CD522C821D1992F1009BD435 /* AppDelegate.m in Sources */,
				CD522C7F1D1992F1009BD435 /* main.m in Sources */,
			);
			runOnlyForDeploymentPostprocessing = 0;
		};
/* End PBXSourcesBuildPhase section */

/* Begin PBXVariantGroup section */
		CD522C861D1992F1009BD435 /* Main.storyboard */ = {
			isa = PBXVariantGroup;
			children = (
				CD522C871D1992F1009BD435 /* Base */,
			);
			name = Main.storyboard;
			sourceTree = "<group>";
		};
		CD522C8B1D1992F1009BD435 /* LaunchScreen.storyboard */ = {
			isa = PBXVariantGroup;
			children = (
				CD522C8C1D1992F1009BD435 /* Base */,
			);
			name = LaunchScreen.storyboard;
			sourceTree = "<group>";
		};
/* End PBXVariantGroup section */

/* Begin XCBuildConfiguration section */
		CD522C8F1D1992F1009BD435 /* Debug */ = {
			isa = XCBuildConfiguration;
			buildSettings = {
				ALWAYS_SEARCH_USER_PATHS = NO;
				CLANG_CXX_LANGUAGE_STANDARD = "gnu++0x";
				CLANG_CXX_LIBRARY = "libc++";
				CLANG_ENABLE_MODULES = YES;
				CLANG_ENABLE_OBJC_ARC = YES;
				CLANG_WARN_BOOL_CONVERSION = YES;
				CLANG_WARN_CONSTANT_CONVERSION = YES;
				CLANG_WARN_DIRECT_OBJC_ISA_USAGE = YES_ERROR;
				CLANG_WARN_EMPTY_BODY = YES;
				CLANG_WARN_ENUM_CONVERSION = YES;
				CLANG_WARN_INT_CONVERSION = YES;
				CLANG_WARN_OBJC_ROOT_CLASS = YES_ERROR;
				CLANG_WARN_UNREACHABLE_CODE = YES;
				CLANG_WARN__DUPLICATE_METHOD_MATCH = YES;
				"CODE_SIGN_IDENTITY[sdk=iphoneos*]" = "iPhone Developer";
				COPY_PHASE_STRIP = NO;
				DEBUG_INFORMATION_FORMAT = dwarf;
				ENABLE_STRICT_OBJC_MSGSEND = YES;
				ENABLE_TESTABILITY = YES;
				GCC_C_LANGUAGE_STANDARD = gnu99;
				GCC_DYNAMIC_NO_PIC = NO;
				GCC_NO_COMMON_BLOCKS = YES;
				GCC_OPTIMIZATION_LEVEL = 0;
				GCC_PREPROCESSOR_DEFINITIONS = (
					"DEBUG=1",
					"$(inherited)",
				);
				GCC_WARN_64_TO_32_BIT_CONVERSION = YES;
				GCC_WARN_ABOUT_RETURN_TYPE = YES_ERROR;
				GCC_WARN_UNDECLARED_SELECTOR = YES;
				GCC_WARN_UNINITIALIZED_AUTOS = YES_AGGRESSIVE;
				GCC_WARN_UNUSED_FUNCTION = YES;
				GCC_WARN_UNUSED_VARIABLE = YES;
				IPHONEOS_DEPLOYMENT_TARGET = 9.2;
				MTL_ENABLE_DEBUG_INFO = YES;
				ONLY_ACTIVE_ARCH = YES;
				SDKROOT = iphoneos;
			};
			name = Debug;
		};
		CD522C901D1992F1009BD435 /* Release */ = {
			isa = XCBuildConfiguration;
			buildSettings = {
				ALWAYS_SEARCH_USER_PATHS = NO;
				CLANG_CXX_LANGUAGE_STANDARD = "gnu++0x";
				CLANG_CXX_LIBRARY = "libc++";
				CLANG_ENABLE_MODULES = YES;
				CLANG_ENABLE_OBJC_ARC = YES;
				CLANG_WARN_BOOL_CONVERSION = YES;
				CLANG_WARN_CONSTANT_CONVERSION = YES;
				CLANG_WARN_DIRECT_OBJC_ISA_USAGE = YES_ERROR;
				CLANG_WARN_EMPTY_BODY = YES;
				CLANG_WARN_ENUM_CONVERSION = YES;
				CLANG_WARN_INT_CONVERSION = YES;
				CLANG_WARN_OBJC_ROOT_CLASS = YES_ERROR;
				CLANG_WARN_UNREACHABLE_CODE = YES;
				CLANG_WARN__DUPLICATE_METHOD_MATCH = YES;
				"CODE_SIGN_IDENTITY[sdk=iphoneos*]" = "iPhone Developer";
				COPY_PHASE_STRIP = NO;
				DEBUG_INFORMATION_FORMAT = "dwarf-with-dsym";
				ENABLE_NS_ASSERTIONS = NO;
				ENABLE_STRICT_OBJC_MSGSEND = YES;
				GCC_C_LANGUAGE_STANDARD = gnu99;
				GCC_NO_COMMON_BLOCKS = YES;
				GCC_WARN_64_TO_32_BIT_CONVERSION = YES;
				GCC_WARN_ABOUT_RETURN_TYPE = YES_ERROR;
				GCC_WARN_UNDECLARED_SELECTOR = YES;
				GCC_WARN_UNINITIALIZED_AUTOS = YES_AGGRESSIVE;
				GCC_WARN_UNUSED_FUNCTION = YES;
				GCC_WARN_UNUSED_VARIABLE = YES;
				IPHONEOS_DEPLOYMENT_TARGET = 9.2;
				MTL_ENABLE_DEBUG_INFO = NO;
				SDKROOT = iphoneos;
				VALIDATE_PRODUCT = YES;
			};
			name = Release;
		};
		CD522C921D1992F1009BD435 /* Debug */ = {
			isa = XCBuildConfiguration;
			buildSettings = {
				ASSETCATALOG_COMPILER_APPICON_NAME = AppIcon;
				CODE_SIGN_IDENTITY = "iPhone Developer";
				INFOPLIST_FILE = ZJCoreAnimation/Info.plist;
				IPHONEOS_DEPLOYMENT_TARGET = 9.0;
				LD_RUNPATH_SEARCH_PATHS = "$(inherited) @executable_path/Frameworks";
				PRODUCT_BUNDLE_IDENTIFIER = OneByte.ZJCoreAnimation;
				PRODUCT_NAME = "$(TARGET_NAME)";
			};
			name = Debug;
		};
		CD522C931D1992F1009BD435 /* Release */ = {
			isa = XCBuildConfiguration;
			buildSettings = {
				ASSETCATALOG_COMPILER_APPICON_NAME = AppIcon;
				CODE_SIGN_IDENTITY = "iPhone Developer";
				INFOPLIST_FILE = ZJCoreAnimation/Info.plist;
				IPHONEOS_DEPLOYMENT_TARGET = 9.0;
				LD_RUNPATH_SEARCH_PATHS = "$(inherited) @executable_path/Frameworks";
				PRODUCT_BUNDLE_IDENTIFIER = OneByte.ZJCoreAnimation;
				PRODUCT_NAME = "$(TARGET_NAME)";
			};
			name = Release;
		};
/* End XCBuildConfiguration section */

/* Begin XCConfigurationList section */
		CD522C751D1992F1009BD435 /* Build configuration list for PBXProject "ZJCoreAnimation" */ = {
			isa = XCConfigurationList;
			buildConfigurations = (
				CD522C8F1D1992F1009BD435 /* Debug */,
				CD522C901D1992F1009BD435 /* Release */,
			);
			defaultConfigurationIsVisible = 0;
			defaultConfigurationName = Release;
		};
		CD522C911D1992F1009BD435 /* Build configuration list for PBXNativeTarget "ZJCoreAnimation" */ = {
			isa = XCConfigurationList;
			buildConfigurations = (
				CD522C921D1992F1009BD435 /* Debug */,
				CD522C931D1992F1009BD435 /* Release */,
			);
			defaultConfigurationIsVisible = 0;
			defaultConfigurationName = Release;
		};
/* End XCConfigurationList section */
	};
	rootObject = CD522C721D1992F1009BD435 /* Project object */;
}
